# THIS IS AN AUTOGENERATED FILE. DO NOT EDIT THIS FILE DIRECTLY.
# yarn lockfile v1


"@antv/adjust@^0.2.1":
  version "0.2.3"
  resolved "https://registry.yarnpkg.com/@antv/adjust/-/adjust-0.2.3.tgz#c3884a680c3264cc125d7f2ab5398e8a1c0b9401"
  integrity sha512-rihqcCdS7piQnK1nRlCvbIaj2QeaqghxINXiMpTJp+0c9cKlTUwL7/2r+gv9YN5R0P1WzSHTmK2Sn+bQCJDo0Q==
  dependencies:
    "@antv/util" "~2.0.0"
    tslib "^1.10.0"

"@antv/attr@^0.3.1":
  version "0.3.2"
  resolved "https://registry.yarnpkg.com/@antv/attr/-/attr-0.3.2.tgz#e5866b64870c62f3a9c25b8a61f654ba2bfda051"
  integrity sha512-31PfcVKeQdPBmr/QD+IC0NB/FbdtVKOXBCNMepFc5/dEs7jphmgG1V4tfAJmcXIHubCTHOjpscTrDIvoKSGvMQ==
  dependencies:
    "@antv/color-util" "^2.0.1"
    "@antv/util" "~2.0.0"
    tslib "^1.10.0"

"@antv/color-util@^2.0.1", "@antv/color-util@^2.0.2":
  version "2.0.6"
  resolved "https://registry.yarnpkg.com/@antv/color-util/-/color-util-2.0.6.tgz#5e129bb9ce3f2b9309b52102b3dc929430ccc016"
  integrity sha512-KnPEaAH+XNJMjax9U35W67nzPI+QQ2x27pYlzmSIWrbj4/k8PGrARXfzDTjwoozHJY8qG62Z+Ww6Alhu2FctXQ==
  dependencies:
    "@antv/util" "^2.0.9"
    tslib "^2.0.3"

"@antv/component@^0.8.7":
  version "0.8.13"
  resolved "https://registry.yarnpkg.com/@antv/component/-/component-0.8.13.tgz#7fa57ec01ff4fd8048979d6daa84bd53ee7167a8"
  integrity sha512-VCCVQUA9/Scxlrc8N8VDY/hTCvpQwoHmSqgu15viYpyDMx8lBuzrWOdBy2IbHMbjrPFwMw7wOCmAGQL76yeFQA==
  dependencies:
    "@antv/dom-util" "~2.0.1"
    "@antv/g-base" "0.5.6"
    "@antv/matrix-util" "^3.1.0-beta.1"
    "@antv/path-util" "~2.0.7"
    "@antv/scale" "~0.3.1"
    "@antv/util" "~2.0.0"
    fecha "~4.2.0"
    tslib "^2.0.3"

"@antv/coord@^0.3.0":
  version "0.3.1"
  resolved "https://registry.yarnpkg.com/@antv/coord/-/coord-0.3.1.tgz#982e261d8a1e06a198eb518ea7acc20ed875a019"
  integrity sha512-rFE94C8Xzbx4xmZnHh2AnlB3Qm1n5x0VT3OROy257IH6Rm4cuzv1+tZaUBATviwZd99S+rOY9telw/+6C9GbRw==
  dependencies:
    "@antv/matrix-util" "^3.1.0-beta.2"
    "@antv/util" "~2.0.12"
    tslib "^2.1.0"

"@antv/dom-util@^2.0.2", "@antv/dom-util@~2.0.1":
  version "2.0.3"
  resolved "https://registry.yarnpkg.com/@antv/dom-util/-/dom-util-2.0.3.tgz#cbd158b1c88e0e8a4d865871a5969b1190554ff5"
  integrity sha512-dUHsUT4U9X1T1/Y9bH3jRMe0MzvWJk2jSQm1vm3w9NX+Ra0ftq5VUBiGTNbthm3nFwG0fFFjip904rYjl50g4A==
  dependencies:
    tslib "^2.0.3"

"@antv/event-emitter@^0.1.1", "@antv/event-emitter@^0.1.2", "@antv/event-emitter@~0.1.0":
  version "0.1.2"
  resolved "https://registry.yarnpkg.com/@antv/event-emitter/-/event-emitter-0.1.2.tgz#a17b7cb86e6d071880dc6bfb232756f88624ecbc"
  integrity sha512-6C6NJOdoNVptCr5y9BVOhKkCgW7LFs/SpcRyAExUeSjAm0zJqcqNkSIRGsXYhj4PJI+CZICHzGwwiSnIsE68Ug==

"@antv/g-base@0.5.6":
  version "0.5.6"
  resolved "https://registry.yarnpkg.com/@antv/g-base/-/g-base-0.5.6.tgz#d96da5fbf6c5f8b073072751e15e5eec70b393fc"
  integrity sha512-szxqFQ/xdCnfaeSEEC2kVjXdKxJnvKKJNT0MvaOG3UXOfsjPDLgb3IKLr+bU3sLvTAQfPhsbtYh7mWb03+mGjA==
  dependencies:
    "@antv/event-emitter" "^0.1.1"
    "@antv/g-math" "^0.1.6"
    "@antv/matrix-util" "^3.1.0-beta.1"
    "@antv/path-util" "~2.0.5"
    "@antv/util" "~2.0.0"
    "@types/d3-timer" "^2.0.0"
    d3-ease "^1.0.5"
    d3-interpolate "^1.3.2"
    d3-timer "^1.0.9"
    detect-browser "^5.1.0"
    tslib "^2.0.3"

"@antv/g-base@^0.5.3", "@antv/g-base@~0.5.6":
  version "0.5.9"
  resolved "https://registry.yarnpkg.com/@antv/g-base/-/g-base-0.5.9.tgz#58d0e11d85157ada1408fbdf24f4f468f40e59cd"
  integrity sha512-IAzuCLRmz9cKCWUKR3cKWgLZ/6OQYpTCIOgxAP8Bc+HRw0mu8iC3OTz+tWKGv9L8unpvCvpQd1H+OTTjdg/TpQ==
  dependencies:
    "@antv/event-emitter" "^0.1.1"
    "@antv/g-math" "^0.1.6"
    "@antv/matrix-util" "^3.1.0-beta.1"
    "@antv/path-util" "~2.0.5"
    "@antv/util" "~2.0.0"
    "@types/d3-timer" "^2.0.0"
    d3-ease "^1.0.5"
    d3-interpolate "^1.3.2"
    d3-timer "^1.0.9"
    detect-browser "^5.1.0"
    tslib "^2.0.3"

"@antv/g-canvas@~0.5.10":
  version "0.5.10"
  resolved "https://registry.yarnpkg.com/@antv/g-canvas/-/g-canvas-0.5.10.tgz#ad19a1dcd19edd12d29539e1dc5b521585b437c6"
  integrity sha512-U454VM7TlO/y1fYP9B9Fbj4QCl/CjQDxaCAHzg8SKq5FecSUseh7Gjliv4YMb3QAb9UCaNx0RUpobUCFBZgLhg==
  dependencies:
    "@antv/g-base" "^0.5.3"
    "@antv/g-math" "^0.1.6"
    "@antv/matrix-util" "^3.1.0-beta.1"
    "@antv/path-util" "~2.0.5"
    "@antv/util" "~2.0.0"
    gl-matrix "^3.0.0"
    tslib "^2.0.3"

"@antv/g-math@^0.1.6":
  version "0.1.7"
  resolved "https://registry.yarnpkg.com/@antv/g-math/-/g-math-0.1.7.tgz#6ec2769269f7ccb67e58140d5739df74046cc04e"
  integrity sha512-xGyXaloD1ynfp7gS4VuV+MjSptZIwHvLHr8ekXJSFAeWPYLu84yOW2wOZHDdp1bzDAIuRv6xDBW58YGHrWsFcA==
  dependencies:
    "@antv/util" "~2.0.0"
    gl-matrix "^3.0.0"

"@antv/g-svg@~0.5.6":
  version "0.5.6"
  resolved "https://registry.yarnpkg.com/@antv/g-svg/-/g-svg-0.5.6.tgz#70b2fa980c431b39ad3c5b4b53e36a1d60957d65"
  integrity sha512-Xve1EUGk4HMbl2nq4ozR4QLh6GyoZ8Xw/+9kHYI4B5P2lIUQU95MuRsaLFfW5NNpZDx85ZeH97tqEmC9L96E7A==
  dependencies:
    "@antv/g-base" "^0.5.3"
    "@antv/g-math" "^0.1.6"
    "@antv/util" "~2.0.0"
    detect-browser "^5.0.0"
    tslib "^2.0.3"

"@antv/g2@^4.1.0":
  version "4.1.18"
  resolved "https://registry.yarnpkg.com/@antv/g2/-/g2-4.1.18.tgz#80f77f7ff40bd008221ad8a942d4976c09f319db"
  integrity sha512-RuFXZ7whU+r6O7jDwNhLDpGYpOA7ilOBCo9OCUR8ZKT4DF/I9WEwYSVuEsxeKYdsuyHSCmczPsu2/TrAYMkdmg==
  dependencies:
    "@antv/adjust" "^0.2.1"
    "@antv/attr" "^0.3.1"
    "@antv/color-util" "^2.0.2"
    "@antv/component" "^0.8.7"
    "@antv/coord" "^0.3.0"
    "@antv/dom-util" "^2.0.2"
    "@antv/event-emitter" "~0.1.0"
    "@antv/g-base" "~0.5.6"
    "@antv/g-canvas" "~0.5.10"
    "@antv/g-svg" "~0.5.6"
    "@antv/matrix-util" "^3.1.0-beta.1"
    "@antv/path-util" "^2.0.3"
    "@antv/scale" "^0.3.7"
    "@antv/util" "~2.0.5"
    tslib "^2.0.0"

"@antv/g2plot@^2.3.13":
  version "2.3.24"
  resolved "https://registry.yarnpkg.com/@antv/g2plot/-/g2plot-2.3.24.tgz#92d8a6157a6e6d8999ea5072f57ebe5c73473c16"
  integrity sha512-JP/8l72iOJSFuuZHe7nYvNqkwgDg5f6W5DbXXZiLOiXKBWwFTpiNiAvKI4F5yJBSYcxPcgz+hKHrEBc8jO5K5g==
  dependencies:
    "@antv/event-emitter" "^0.1.2"
    "@antv/g2" "^4.1.0"
    d3-hierarchy "^2.0.0"
    d3-regression "^1.3.5"
    pdfast "^0.2.0"
    size-sensor "^1.0.1"
    tslib "^2.0.3"

"@antv/matrix-util@^3.1.0-beta.1", "@antv/matrix-util@^3.1.0-beta.2":
  version "3.1.0-beta.2"
  resolved "https://registry.yarnpkg.com/@antv/matrix-util/-/matrix-util-3.1.0-beta.2.tgz#b4afafb70dbdf52affca308d3546c8a090fd23ca"
  integrity sha512-Efwp0ZHxVDK/8RUa/RRWN7HKFHJmjn7Oq5HaNBbCmsxd7JTla3Zsoq1AZrjWMDlq0lplo77urclwI+XIW8NEHw==
  dependencies:
    "@antv/util" "^2.0.9"
    gl-matrix "^3.3.0"
    tslib "^1.10.0"

"@antv/path-util@^2.0.3", "@antv/path-util@~2.0.5", "@antv/path-util@~2.0.7":
  version "2.0.9"
  resolved "https://registry.yarnpkg.com/@antv/path-util/-/path-util-2.0.9.tgz#976e4a3cfb6219767a602d297b205c88d66d7b2c"
  integrity sha512-kunEz4dNheQMVn4rVFsoBDx+n9Knfi3uRLvDk9SojZAqpninsjFhdoiYtbExwJGz1FYGtiV10Y6N1tp73kZFcg==
  dependencies:
    "@antv/util" "^2.0.9"
    tslib "^2.0.3"

"@antv/scale@^0.3.7", "@antv/scale@~0.3.1":
  version "0.3.11"
  resolved "https://registry.yarnpkg.com/@antv/scale/-/scale-0.3.11.tgz#3ce10445e108a9bc208840c3394507f0cfb44e68"
  integrity sha512-nARq88j77tADJZ+TqUgrZnJAXuVf5U553TOGrhJ5aL8eEkPxn6ZoroT78oK09zojrjeRPqOSGJl7Md3fmHk/kg==
  dependencies:
    "@antv/util" "~2.0.3"
    fecha "~4.2.0"
    tslib "^2.0.0"

"@antv/util@^2.0.9", "@antv/util@~2.0.0", "@antv/util@~2.0.12", "@antv/util@~2.0.3", "@antv/util@~2.0.5":
  version "2.0.13"
  resolved "https://registry.yarnpkg.com/@antv/util/-/util-2.0.13.tgz#7c2e701d89527116ec17cf5a400413c5c6afcb4d"
  integrity sha512-mfYL7K8XJIeDmal33K+6abr8Yb526YXKg5XQlddNo+X1Doll+gun6HxnbdySoLv21vW4bLkcbVPjqxWl7ZJAFA==
  dependencies:
    tslib "^2.0.3"

"@babel/runtime@^7.9.2":
  version "7.14.6"
  resolved "https://registry.yarnpkg.com/@babel/runtime/-/runtime-7.14.6.tgz#535203bc0892efc7dec60bdc27b2ecf6e409062d"
  integrity sha512-/PCB2uJ7oM44tz8YhC4Z/6PeOKXp4K588f+5M3clr1M4zbqztlo0XEfJ2LEzj/FgwfgGcIdl8n7YYjTCI0BYwg==
  dependencies:
    regenerator-runtime "^0.13.4"

"@fortawesome/fontawesome-free@^5.14.0":
  version "5.15.3"
  resolved "https://registry.yarnpkg.com/@fortawesome/fontawesome-free/-/fontawesome-free-5.15.3.tgz#c36ffa64a2a239bf948541a97b6ae8d729e09a9a"
  integrity sha512-rFnSUN/QOtnOAgqFRooTA3H57JLDm0QEG/jPdk+tLQNL/eWd+Aok8g3qCI+Q1xuDPWpGW/i9JySpJVsq8Q0s9w==

"@fullcalendar/common@~5.8.0":
  version "5.8.0"
  resolved "https://registry.yarnpkg.com/@fullcalendar/common/-/common-5.8.0.tgz#43e79e26e6347af83baaa603157aced67e23d549"
  integrity sha512-cKmXNgo/9auw86MOwXxA+5FRrgvbE93C9YDwic+Alfm3bUruDTzJDnuvRndrFVurpSBLm6/ZitaR+yoWKLIsgA==
  dependencies:
    tslib "^2.1.0"

"@fullcalendar/core@^5.8.0":
  version "5.8.0"
  resolved "https://registry.yarnpkg.com/@fullcalendar/core/-/core-5.8.0.tgz#86f034fc4a49c6a44886380aff01c6fcd7204966"
  integrity sha512-55Zwy4fwcxBqHjfjhV5eae4qOh9fMlpjGcyy4Zt39zA1NlgUW0JxCGOyIu2K2jm2JZn+27/P8b06JXy57DmtKg==
  dependencies:
    "@fullcalendar/common" "~5.8.0"
    preact "^10.0.5"
    tslib "^2.1.0"

"@fullcalendar/daygrid@^5.8.0", "@fullcalendar/daygrid@~5.8.0":
  version "5.8.0"
  resolved "https://registry.yarnpkg.com/@fullcalendar/daygrid/-/daygrid-5.8.0.tgz#6a5991886ed3323366f72e7614ac8907cbd8d998"
  integrity sha512-VrqwI97cewoUjFrKT67sS+f+JANI8xMx0g5bpM0XgV/KEEwvXpH5OmwkFSbXOnx1m4RXsvolQc6EBZpnJCf69Q==
  dependencies:
    "@fullcalendar/common" "~5.8.0"
    tslib "^2.1.0"

"@fullcalendar/premium-common@~5.8.0":
  version "5.8.0"
  resolved "https://registry.yarnpkg.com/@fullcalendar/premium-common/-/premium-common-5.8.0.tgz#eedab2369ca394f97a81565f3a8d83e37d0b66ae"
  integrity sha512-AZ7ZsZ9qzkm89jUBy7FYMnbfAUA02zcE7UkD+9NKtEdk1gTp01bl4n10VakPJ/KhceJhOWXTvcvMU/m4SJc4bQ==
  dependencies:
    "@fullcalendar/common" "~5.8.0"
    tslib "^2.1.0"

"@fullcalendar/resource-common@^5.8.0", "@fullcalendar/resource-common@~5.8.0":
  version "5.8.0"
  resolved "https://registry.yarnpkg.com/@fullcalendar/resource-common/-/resource-common-5.8.0.tgz#df014f8cbc1f6f4741e5f37826703f7a0af9e4b5"
  integrity sha512-uHWEZZsIObu05zWKf8hdp+pdVRwR4SyF5Vs2LTpul/9p+mn/zjgmOJuVhLuaKjASDBMVosT0uLBacQvQPekpzg==
  dependencies:
    "@fullcalendar/common" "~5.8.0"
    "@fullcalendar/premium-common" "~5.8.0"
    tslib "^2.1.0"

"@fullcalendar/resource-daygrid@^5.8.0", "@fullcalendar/resource-daygrid@~5.8.0":
  version "5.8.0"
  resolved "https://registry.yarnpkg.com/@fullcalendar/resource-daygrid/-/resource-daygrid-5.8.0.tgz#599bf6f9f34e80c2e0380ffa36cc38e8c54b682c"
  integrity sha512-oEX5qyzKrMiTzsa9G89DUW+dustFAvwjyBe7kT5/KcyYRl2G7NRYd4hdxY4f8vdh8wwyYedR8hu2YRcDLIySHg==
  dependencies:
    "@fullcalendar/common" "~5.8.0"
    "@fullcalendar/daygrid" "~5.8.0"
    "@fullcalendar/premium-common" "~5.8.0"
    "@fullcalendar/resource-common" "~5.8.0"
    tslib "^2.1.0"

"@fullcalendar/resource-timegrid@^5.8.0":
  version "5.8.0"
  resolved "https://registry.yarnpkg.com/@fullcalendar/resource-timegrid/-/resource-timegrid-5.8.0.tgz#9b78353c2f3181f59e403e9c83703eef626765fc"
  integrity sha512-ZPehhZox41rcEAJC8nleRA+joW0OuwxCpUz76+I3Jo4GfzRcN8+dLaaeMgcbw4j4SQdNFyKbdfN4CmnHxOIo3g==
  dependencies:
    "@fullcalendar/common" "~5.8.0"
    "@fullcalendar/premium-common" "~5.8.0"
    "@fullcalendar/resource-common" "~5.8.0"
    "@fullcalendar/resource-daygrid" "~5.8.0"
    "@fullcalendar/timegrid" "~5.8.0"
    tslib "^2.1.0"

"@fullcalendar/timegrid@^5.8.0", "@fullcalendar/timegrid@~5.8.0":
  version "5.8.0"
  resolved "https://registry.yarnpkg.com/@fullcalendar/timegrid/-/timegrid-5.8.0.tgz#4f1f8e1aee52f3b493701b3c9e3b59510be53c24"
  integrity sha512-N24TkOuRkxMDn02E8LPj4fKKgAxQxF6k/PONIwMVHnOih2v3SeiKOOemmrk6uoTwOS7R2fVblOJQGFWXobYu3g==
  dependencies:
    "@fullcalendar/common" "~5.8.0"
    "@fullcalendar/daygrid" "~5.8.0"
    tslib "^2.1.0"

"@hotwired/turbo-rails@^7.0.0-beta.7":
  version "7.0.0-beta.7"
  resolved "https://registry.yarnpkg.com/@hotwired/turbo-rails/-/turbo-rails-7.0.0-beta.7.tgz#ca347999d4a62af447554bebe0ab46dd7c241661"
  integrity sha512-aoX91p2pIApEywhWNHqbaQ+gtNBr3+u38X0jSEHPdqVAK8lLRtHJomP3s1psSuYTiRaOuIeh6IhHDRYyAmZxKg==
  dependencies:
    "@hotwired/turbo" "^7.0.0-beta.7"
    "@rails/actioncable" "^6.0.0"

"@hotwired/turbo@^7.0.0-beta.7":
  version "7.0.0-beta.7"
  resolved "https://registry.yarnpkg.com/@hotwired/turbo/-/turbo-7.0.0-beta.7.tgz#0f519af4e63698a9fb44d2db9019cdb5ddd048db"
  integrity sha512-w4Oajhnqnz+b2rM325FjPnENVij1yWJy+q6bwSgmCvRG4715T7PoC6YwTPd4h6PVUGgy5WpqgDadzKdEV+qtLw==

"@rails/actioncable@^6.0.0":
  version "6.0.4"
  resolved "https://registry.yarnpkg.com/@rails/actioncable/-/actioncable-6.0.4.tgz#d533c3d9176ed7763145162dec4f460a9d6fb550"
  integrity sha512-dTirb2EMt/YPVkEZp3GSXwjR+dYjbK0b0NtupEiuwj5dsffFfRnvtPK/aqLibZH6J3G8EAHnuoAaTF0neq2ggw==

"@rails/actioncable@^6.1.3":
  version "6.1.3"
  resolved "https://registry.yarnpkg.com/@rails/actioncable/-/actioncable-6.1.3.tgz#c8a67ec4d22ecd6931f7ebd98143fddbc815419a"
  integrity sha512-m02524MR9cTnUNfGz39Lkx9jVvuL0tle4O7YgvouJ7H83FILxzG1nQ5jw8pAjLAr9XQGu+P1sY4SKE3zyhCNjw==

"@rails/activestorage@^6.1.3":
  version "6.1.3"
  resolved "https://registry.yarnpkg.com/@rails/activestorage/-/activestorage-6.1.3.tgz#d76ce0fe59b5778e05b967c22c61b2964fde112a"
  integrity sha512-9it2rc+79E+GP4GWX/P2M9/INcp1SicJaiF5yqj+k40x/JY+/eVdSAGfRCgq2G/FwkUdGlaKnG2OoDcXchczlw==
  dependencies:
    spark-md5 "^3.0.0"

"@stimulus/core@^2.0.0":
  version "2.0.0"
  resolved "https://registry.yarnpkg.com/@stimulus/core/-/core-2.0.0.tgz#140c85318d6a8a8210c0faf182223b8459348877"
  integrity sha512-ff70GafKtzc8zQ1/cG+UvL06GcifPWovf2wBEdjLMh9xO2GOYURO3y2RYgzIGYUIBefQwyfX2CLfJdZFJrEPTw==
  dependencies:
    "@stimulus/mutation-observers" "^2.0.0"

"@stimulus/multimap@^2.0.0":
  version "2.0.0"
  resolved "https://registry.yarnpkg.com/@stimulus/multimap/-/multimap-2.0.0.tgz#420cfa096ed6538df4a91dbd2b2842c1779952b2"
  integrity sha512-pMBCewkZCFVB3e5mEMoyO9+9aKzHDITmf3OnPun51YWxlcPdHcwbjqm1ylK63fsoduIE+RowBpFwFqd3poEz4w==

"@stimulus/mutation-observers@^2.0.0":
  version "2.0.0"
  resolved "https://registry.yarnpkg.com/@stimulus/mutation-observers/-/mutation-observers-2.0.0.tgz#3dbe37453bda47a6c795a90204ee8d77a799fb87"
  integrity sha512-kx4VAJdPhIGBQKGIoUDC2tupEKorG3A+ckc2b1UiwInKTMAC1axOHU8ebcwhaJIxRqIrs8//4SJo9YAAOx6FEg==
  dependencies:
    "@stimulus/multimap" "^2.0.0"

"@stimulus/webpack-helpers@^2.0.0":
  version "2.0.0"
  resolved "https://registry.yarnpkg.com/@stimulus/webpack-helpers/-/webpack-helpers-2.0.0.tgz#54296d2a2dffd4f962d2e802d99a3fdd84b8845f"
  integrity sha512-D6tJWsAC024MwGEIKlUVYU8Ln87mlrmiwHvYAjipg+s8H4eLxUMQ3PZkWyPevfipH+oR3leuHsjYsK1gN5ViQA==

"@types/d3-timer@^2.0.0":
  version "2.0.0"
  resolved "https://registry.yarnpkg.com/@types/d3-timer/-/d3-timer-2.0.0.tgz#9901bb02af38798764674df17d66b07329705632"
  integrity sha512-l6stHr1VD1BWlW6u3pxrjLtJfpPZq9I3XmKIQtq7zHM/s6fwEtI1Yn6Sr5/jQTrUDCC5jkS6gWqlFGCDArDqNg==

anymatch@~3.1.2:
  version "3.1.2"
  resolved "https://registry.yarnpkg.com/anymatch/-/anymatch-3.1.2.tgz#c0557c096af32f106198f4f4e2a383537e378716"
  integrity sha512-P43ePfOAIupkguHUycrc4qJ9kz8ZiuOUijaETwX7THt0Y/GNK7v0aa8rY816xWjZ7rJdA5XdMcpVFTKMq+RvWg==
  dependencies:
    normalize-path "^3.0.0"
    picomatch "^2.0.4"

argparse@^2.0.1:
  version "2.0.1"
  resolved "https://registry.yarnpkg.com/argparse/-/argparse-2.0.1.tgz#246f50f3ca78a3240f6c997e8a9bd1eac49e4b38"
  integrity sha512-8+9WqebbFzpX9OR+Wa6O29asIogeRMzcGtAINdpMHHyAg10f05aSFVBbcEqGf/PXw1EjAZ+q2/bEBg3DvurK3Q==

balajs@^0.1.9:
  version "0.1.9"
  resolved "https://registry.yarnpkg.com/balajs/-/balajs-0.1.9.tgz#e03d1e6fb88d53cc1a2591a7bfec70d1e52d8f00"
  integrity sha1-4D0eb7iNU8waJZGnv+xw0eUtjwA=

balanced-match@^1.0.0:
  version "1.0.2"
  resolved "https://registry.yarnpkg.com/balanced-match/-/balanced-match-1.0.2.tgz#e83e3a7e3f300b34cb9d87f615fa0cbf357690ee"
  integrity sha512-3oSeUO0TMV67hN1AmbXsK4yaqU7tjiHlbxRDZOpH0KW9+CeX4bRAaX0Anxt0tx2MrpRpWwQaPwIlISEJhYU5Pw==

binary-extensions@^2.0.0:
  version "2.2.0"
  resolved "https://registry.yarnpkg.com/binary-extensions/-/binary-extensions-2.2.0.tgz#75f502eeaf9ffde42fc98829645be4ea76bd9e2d"
  integrity sha512-jDctJ/IVQbZoJykoeHbhXpOlNBqGNcwXJKJog42E5HDPUwQTSdjCHdihjj0DlnheQ7blbT6dHOafNAiS8ooQKA==

brace-expansion@^1.1.7:
  version "1.1.11"
  resolved "https://registry.yarnpkg.com/brace-expansion/-/brace-expansion-1.1.11.tgz#3c7fcbf529d87226f3d2f52b966ff5271eb441dd"
  integrity sha512-iCuPHDFgrHX7H2vEI/5xpz07zSHB00TpugqhmYtVmMO6518mCuRMoOYFldEBl0g187ufozdaHgWKcYFb61qGiA==
  dependencies:
    balanced-match "^1.0.0"
    concat-map "0.0.1"

braces@~3.0.2:
  version "3.0.2"
  resolved "https://registry.yarnpkg.com/braces/-/braces-3.0.2.tgz#3454e1a462ee8d599e236df336cd9ea4f8afe107"
  integrity sha512-b8um+L1RzM3WDSzvhm6gIz1yfTbBt6YTlcEKAvsmqCZZFw46z626lVj9j1yEPW33H5H+lBQpZMP1k8l+78Ha0A==
  dependencies:
    fill-range "^7.0.1"

bulma@^0.9.2:
  version "0.9.3"
  resolved "https://registry.yarnpkg.com/bulma/-/bulma-0.9.3.tgz#ddccb7436ebe3e21bf47afe01d3c43a296b70243"
  integrity sha512-0d7GNW1PY4ud8TWxdNcP6Cc8Bu7MxcntD/RRLGWuiw/s0a9P+XlH/6QoOIrmbj6o8WWJzJYhytiu9nFjTszk1g==

choices.js@^9.0.1:
  version "9.0.1"
  resolved "https://registry.yarnpkg.com/choices.js/-/choices.js-9.0.1.tgz#745fb29af8670428fdc0bf1cc9dfaa404e9d0510"
  integrity sha512-JgpeDY0Tmg7tqY6jaW/druSklJSt7W68tXFJIw0GSGWmO37SDAL8o60eICNGbzIODjj02VNNtf5h6TgoHDtCsA==
  dependencies:
    deepmerge "^4.2.0"
    fuse.js "^3.4.5"
    redux "^4.0.4"

"chokidar@>=3.0.0 <4.0.0":
  version "3.5.2"
  resolved "https://registry.yarnpkg.com/chokidar/-/chokidar-3.5.2.tgz#dba3976fcadb016f66fd365021d91600d01c1e75"
  integrity sha512-ekGhOnNVPgT77r4K/U3GDhu+FQ2S8TnK/s2KbIGXi0SZWuwkZ2QNyfWdZW+TVfn84DpEP7rLeCt2UI6bJ8GwbQ==
  dependencies:
    anymatch "~3.1.2"
    braces "~3.0.2"
    glob-parent "~5.1.2"
    is-binary-path "~2.1.0"
    is-glob "~4.0.1"
    normalize-path "~3.0.0"
    readdirp "~3.6.0"
  optionalDependencies:
    fsevents "~2.3.2"

colorette@^1.2.2:
  version "1.2.2"
  resolved "https://registry.yarnpkg.com/colorette/-/colorette-1.2.2.tgz#cbcc79d5e99caea2dbf10eb3a26fd8b3e6acfa94"
  integrity sha512-MKGMzyfeuutC/ZJ1cba9NqcNpfeqMUcYmyF1ZFY6/Cn7CNSAKx6a+s48sqLqyAiZuaP2TcqMhoo+dlwFnVxT9w==

concat-map@0.0.1:
  version "0.0.1"
  resolved "https://registry.yarnpkg.com/concat-map/-/concat-map-0.0.1.tgz#d8a96bd77fd68df7793a73036a3ba0d5405d477b"
  integrity sha1-2Klr13/Wjfd5OnMDajug1UBdR3s=

core-js@3:
  version "3.15.0"
  resolved "https://registry.yarnpkg.com/core-js/-/core-js-3.15.0.tgz#db9554ebce0b6fd90dc9b1f2465c841d2d055044"
  integrity sha512-GUbtPllXMYRzIgHNZ4dTYTcUemls2cni83Q4Q/TrFONHfhcg9oEGOtaGHfb0cpzec60P96UKPvMkjX1jET8rUw==

d3-color@1:
  version "1.4.1"
  resolved "https://registry.yarnpkg.com/d3-color/-/d3-color-1.4.1.tgz#c52002bf8846ada4424d55d97982fef26eb3bc8a"
  integrity sha512-p2sTHSLCJI2QKunbGb7ocOh7DgTAn8IrLx21QRc/BSnodXM4sv6aLQlnfpvehFMLZEfBc6g9pH9SWQccFYfJ9Q==

d3-ease@^1.0.5:
  version "1.0.7"
  resolved "https://registry.yarnpkg.com/d3-ease/-/d3-ease-1.0.7.tgz#9a834890ef8b8ae8c558b2fe55bd57f5993b85e2"
  integrity sha512-lx14ZPYkhNx0s/2HX5sLFUI3mbasHjSSpwO/KaaNACweVwxUruKyWVcb293wMv1RqTPZyZ8kSZ2NogUZNcLOFQ==

d3-hierarchy@^2.0.0:
  version "2.0.0"
  resolved "https://registry.yarnpkg.com/d3-hierarchy/-/d3-hierarchy-2.0.0.tgz#dab88a58ca3e7a1bc6cab390e89667fcc6d20218"
  integrity sha512-SwIdqM3HxQX2214EG9GTjgmCc/mbSx4mQBn+DuEETubhOw6/U3fmnji4uCVrmzOydMHSO1nZle5gh6HB/wdOzw==

d3-interpolate@^1.3.2:
  version "1.4.0"
  resolved "https://registry.yarnpkg.com/d3-interpolate/-/d3-interpolate-1.4.0.tgz#526e79e2d80daa383f9e0c1c1c7dcc0f0583e987"
  integrity sha512-V9znK0zc3jOPV4VD2zZn0sDhZU3WAE2bmlxdIwwQPPzPjvyLkd8B3JUVdS1IDUFDkWZ72c9qnv1GK2ZagTZ8EA==
  dependencies:
    d3-color "1"

d3-regression@^1.3.5:
  version "1.3.9"
  resolved "https://registry.yarnpkg.com/d3-regression/-/d3-regression-1.3.9.tgz#61c34acb9b6bbd9172ede89f05d0b7fbd57ccdc0"
  integrity sha512-PoMpToIvxSnVpgAZTCERVseRend40JIBICJxwATJ/T4laWGaI5dpRdRxrPITxD8hk8W455fKonVChwSmDyWEyg==

d3-timer@^1.0.9:
  version "1.0.10"
  resolved "https://registry.yarnpkg.com/d3-timer/-/d3-timer-1.0.10.tgz#dfe76b8a91748831b13b6d9c793ffbd508dd9de5"
  integrity sha512-B1JDm0XDaQC+uvo4DT79H0XmBskgS3l6Ve+1SBCfxgmtIb1AVrPIoqd+nPSv+loMX8szQ0sVUhGngL7D5QPiXw==

deepmerge@^4.2.0:
  version "4.2.2"
  resolved "https://registry.yarnpkg.com/deepmerge/-/deepmerge-4.2.2.tgz#44d2ea3679b8f4d4ffba33f03d865fc1e7bf4955"
  integrity sha512-FJ3UgI4gIl+PHZm53knsuSFpE+nESMr7M4v9QcgB7S63Kj/6WqMiFQJpBBYz1Pt+66bZpP3Q7Lye0Oo9MPKEdg==

detect-browser@^5.0.0, detect-browser@^5.1.0:
  version "5.2.0"
  resolved "https://registry.yarnpkg.com/detect-browser/-/detect-browser-5.2.0.tgz#c9cd5afa96a6a19fda0bbe9e9be48a6b6e1e9c97"
  integrity sha512-tr7XntDAu50BVENgQfajMLzacmSe34D+qZc4zjnniz0ZVuw/TZcLcyxHQjYpJTM36sGEkZZlYLnIM1hH7alTMA==

element-closest@^2.0.1:
  version "2.0.2"
  resolved "https://registry.yarnpkg.com/element-closest/-/element-closest-2.0.2.tgz#72a740a107453382e28df9ce5dbb5a8df0f966ec"
  integrity sha1-cqdAoQdFM4LijfnOXbtajfD5Zuw=

esbuild@^0.12.8:
  version "0.12.11"
  resolved "https://registry.yarnpkg.com/esbuild/-/esbuild-0.12.11.tgz#ab24f78cabf481e7dc747e7db15f9c5091beaa14"
  integrity sha512-h83GwI6lYOrnSv5hSY2i2XZ191v3haj2IGDzwrkfWHhuO/kVMX3RYjhwRNG9E5VSxVLPaUjTVwrv8HWLvhk2nQ==

fecha@~4.2.0:
  version "4.2.1"
  resolved "https://registry.yarnpkg.com/fecha/-/fecha-4.2.1.tgz#0a83ad8f86ef62a091e22bb5a039cd03d23eecce"
  integrity sha512-MMMQ0ludy/nBs1/o0zVOiKTpG7qMbonKUzjJgQFEuvq6INZ1OraKPRAWkBq5vlKLOUMpmNYG1JoN3oDPUQ9m3Q==

fill-range@^7.0.1:
  version "7.0.1"
  resolved "https://registry.yarnpkg.com/fill-range/-/fill-range-7.0.1.tgz#1919a6a7c75fe38b2c7c77e5198535da9acdda40"
  integrity sha512-qOo9F+dMUmC2Lcb4BbVvnKJxTPjCm+RRpe4gDuGrzkL7mEVl/djYSu2OdQ2Pa302N4oqkSg9ir6jaLWJ2USVpQ==
  dependencies:
    to-regex-range "^5.0.1"

fs.realpath@^1.0.0:
  version "1.0.0"
  resolved "https://registry.yarnpkg.com/fs.realpath/-/fs.realpath-1.0.0.tgz#1504ad2523158caa40db4a2787cb01411994ea4f"
  integrity sha1-FQStJSMVjKpA20onh8sBQRmU6k8=

fsevents@~2.3.2:
  version "2.3.2"
  resolved "https://registry.yarnpkg.com/fsevents/-/fsevents-2.3.2.tgz#8a526f78b8fdf4623b709e0b975c52c24c02fd1a"
  integrity sha512-xiqMQR4xAeHTuB9uWm+fFRcIOgKBMiOBP+eXiyT7jsgVCq1bkVygt00oASowB7EdtpOHaaPgKt812P9ab+DDKA==

function-bind@^1.1.1:
  version "1.1.1"
  resolved "https://registry.yarnpkg.com/function-bind/-/function-bind-1.1.1.tgz#a56899d3ea3c9bab874bb9773b7c5ede92f4895d"
  integrity sha512-yIovAzMX49sF8Yl58fSCWJ5svSLuaibPxXQJFLmBObTuCr0Mf1KiPopGM9NiFjiYBCbfaa2Fh6breQ6ANVTI0A==

fuse.js@^3.4.5:
  version "3.6.1"
  resolved "https://registry.yarnpkg.com/fuse.js/-/fuse.js-3.6.1.tgz#7de85fdd6e1b3377c23ce010892656385fd9b10c"
  integrity sha512-hT9yh/tiinkmirKrlv4KWOjztdoZo1mx9Qh4KvWqC7isoXwdUY3PNWUxceF4/qO9R6riA2C29jdTOeQOIROjgw==

gl-matrix@^3.0.0, gl-matrix@^3.3.0:
  version "3.3.0"
  resolved "https://registry.yarnpkg.com/gl-matrix/-/gl-matrix-3.3.0.tgz#232eef60b1c8b30a28cbbe75b2caf6c48fd6358b"
  integrity sha512-COb7LDz+SXaHtl/h4LeaFcNdJdAQSDeVqjiIihSXNrkWObZLhDI4hIkZC11Aeqp7bcE72clzB0BnDXr2SmslRA==

glob-parent@~5.1.2:
  version "5.1.2"
  resolved "https://registry.yarnpkg.com/glob-parent/-/glob-parent-5.1.2.tgz#869832c58034fe68a4093c17dc15e8340d8401c4"
  integrity sha512-AOIgSQCepiJYwP3ARnGx+5VnTu2HBYdzbGP45eLw1vr3zB3vZLeyed1sC9hnbcOc9/SrMyM5RPQrkGz4aS9Zow==
  dependencies:
    is-glob "^4.0.1"

glob@^7.1.7:
  version "7.1.7"
  resolved "https://registry.yarnpkg.com/glob/-/glob-7.1.7.tgz#3b193e9233f01d42d0b3f78294bbeeb418f94a90"
  integrity sha512-OvD9ENzPLbegENnYP5UUfJIirTg4+XwMWGaQfQTY0JenxNvvIKP3U3/tAQSPIu/lHxXYSZmpXlUHeqAIdKzBLQ==
  dependencies:
    fs.realpath "^1.0.0"
    inflight "^1.0.4"
    inherits "2"
    minimatch "^3.0.4"
    once "^1.3.0"
    path-is-absolute "^1.0.0"

has@^1.0.3:
  version "1.0.3"
  resolved "https://registry.yarnpkg.com/has/-/has-1.0.3.tgz#722d7cbfc1f6aa8241f16dd814e011e1f41e8796"
  integrity sha512-f2dvO0VU6Oej7RkWJGrehjbzMAjFp5/VKPp5tTpWIV4JHHZK1/BxbFRtf/siA2SWTe09caDmVtYYzWEIbBS4zw==
  dependencies:
    function-bind "^1.1.1"

inflight@^1.0.4:
  version "1.0.6"
  resolved "https://registry.yarnpkg.com/inflight/-/inflight-1.0.6.tgz#49bd6331d7d02d0c09bc910a1075ba8165b56df9"
  integrity sha1-Sb1jMdfQLQwJvJEKEHW6gWW1bfk=
  dependencies:
    once "^1.3.0"
    wrappy "1"

inherits@2:
  version "2.0.4"
  resolved "https://registry.yarnpkg.com/inherits/-/inherits-2.0.4.tgz#0fa2c64f932917c3433a0ded55363aae37416b7c"
  integrity sha512-k/vGaX4/Yla3WzyMCvTQOXYeIHvqOKtnqBduzTHpzpQZzAskKMhZ2K+EnBiSM9zGSoIFeMpXKxa4dYeZIQqewQ==

is-binary-path@~2.1.0:
  version "2.1.0"
  resolved "https://registry.yarnpkg.com/is-binary-path/-/is-binary-path-2.1.0.tgz#ea1f7f3b80f064236e83470f86c09c254fb45b09"
  integrity sha512-ZMERYes6pDydyuGidse7OsHxtbI7WVeUEozgR/g7rd0xUimYNlvZRE/K2MgZTjWy725IfelLeVcEM97mmtRGXw==
  dependencies:
    binary-extensions "^2.0.0"

is-core-module@^2.2.0:
  version "2.4.0"
  resolved "https://registry.yarnpkg.com/is-core-module/-/is-core-module-2.4.0.tgz#8e9fc8e15027b011418026e98f0e6f4d86305cc1"
  integrity sha512-6A2fkfq1rfeQZjxrZJGerpLCTHRNEBiSgnu0+obeJpEPZRUooHgsizvzv0ZjJwOz3iWIHdJtVWJ/tmPr3D21/A==
  dependencies:
    has "^1.0.3"

is-extglob@^2.1.1:
  version "2.1.1"
  resolved "https://registry.yarnpkg.com/is-extglob/-/is-extglob-2.1.1.tgz#a88c02535791f02ed37c76a1b9ea9773c833f8c2"
  integrity sha1-qIwCU1eR8C7TfHahueqXc8gz+MI=

is-glob@^4.0.1, is-glob@~4.0.1:
  version "4.0.1"
  resolved "https://registry.yarnpkg.com/is-glob/-/is-glob-4.0.1.tgz#7567dbe9f2f5e2467bc77ab83c4a29482407a5dc"
  integrity sha512-5G0tKtBTFImOqDnLB2hG6Bp2qcKEFduo4tZu9MT/H6NQv/ghhy30o55ufafxJ/LdH79LLs2Kfrn85TLKyA7BUg==
  dependencies:
    is-extglob "^2.1.1"

is-number@^7.0.0:
  version "7.0.0"
  resolved "https://registry.yarnpkg.com/is-number/-/is-number-7.0.0.tgz#7535345b896734d5f80c4d06c50955527a14f12b"
  integrity sha512-41Cifkg6e8TylSpdtTpeLVMqvSBEVzTttHvERD741+pnZ8ANv0004MRL43QKPDlK9cGvNp6NZWZUBlbGXYxxng==

js-yaml@^4.1.0:
  version "4.1.0"
  resolved "https://registry.yarnpkg.com/js-yaml/-/js-yaml-4.1.0.tgz#c1fb65f8f5017901cdd2c951864ba18458a10602"
  integrity sha512-wpxZs9NoxZaJESJGIZTyDEaYpl0FKSA+FB9aJiyemKhMwkxQg63h4T1KJgUGHpTqPDNRcmmYLugrRjJlBtWvRA==
  dependencies:
    argparse "^2.0.1"

minimatch@^3.0.4:
  version "3.0.4"
  resolved "https://registry.yarnpkg.com/minimatch/-/minimatch-3.0.4.tgz#5166e286457f03306064be5497e8dbb0c3d32083"
  integrity sha512-yJHVQEhyqPLUTgt9B83PXu6W3rx4MvvHvSUvToogpwoGDOUQ+yDrR0HRot+yOCdCO7u4hX3pWft6kWBBcqh0UA==
  dependencies:
    brace-expansion "^1.1.7"

moment-timezone@^0.5.25:
  version "0.5.33"
  resolved "https://registry.yarnpkg.com/moment-timezone/-/moment-timezone-0.5.33.tgz#b252fd6bb57f341c9b59a5ab61a8e51a73bbd22c"
  integrity sha512-PTc2vcT8K9J5/9rDEPe5czSIKgLoGsH8UNpA4qZTVw0Vd/Uz19geE9abbIOQKaAQFcnQ3v5YEXrbSc5BpshH+w==
  dependencies:
    moment ">= 2.9.0"

"moment@>= 2.9.0", moment@^2.22.1:
  version "2.29.1"
  resolved "https://registry.yarnpkg.com/moment/-/moment-2.29.1.tgz#b2be769fa31940be9eeea6469c075e35006fa3d3"
  integrity sha512-kHmoybcPV8Sqy59DwNDY3Jefr64lK/by/da0ViFcuA4DH0vQg5Q6Ze5VimxkfQNSC+Mls/Kx53s7TjP1RhFEDQ==

nanoid@^3.1.23:
  version "3.1.23"
  resolved "https://registry.yarnpkg.com/nanoid/-/nanoid-3.1.23.tgz#f744086ce7c2bc47ee0a8472574d5c78e4183a81"
  integrity sha512-FiB0kzdP0FFVGDKlRLEQ1BgDzU87dy5NnzjeW9YZNt+/c3+q82EQDUwniSAUxp/F0gFNI1ZhKU1FqYsMuqZVnw==

normalize-path@^3.0.0, normalize-path@~3.0.0:
  version "3.0.0"
  resolved "https://registry.yarnpkg.com/normalize-path/-/normalize-path-3.0.0.tgz#0dcd69ff23a1c9b11fd0978316644a0388216a65"
  integrity sha512-6eZs5Ls3WtCisHWp9S2GUy8dqkpGi4BVSz3GaqiE6ezub0512ESztXUwUB6C6IKbQkY2Pnb/mD4WYojCRwcwLA==

object-assign@^4.1.0:
  version "4.1.1"
  resolved "https://registry.yarnpkg.com/object-assign/-/object-assign-4.1.1.tgz#2109adc7965887cfc05cbbd442cac8bfbb360863"
  integrity sha1-IQmtx5ZYh8/AXLvUQsrIv7s2CGM=

once@^1.3.0:
  version "1.4.0"
  resolved "https://registry.yarnpkg.com/once/-/once-1.4.0.tgz#583b1aa775961d4b113ac17d9c50baef9dd76bd1"
  integrity sha1-WDsap3WWHUsROsF9nFC6753Xa9E=
  dependencies:
    wrappy "1"

path-complete-extname@^1.0.0:
  version "1.0.0"
  resolved "https://registry.yarnpkg.com/path-complete-extname/-/path-complete-extname-1.0.0.tgz#f889985dc91000c815515c0bfed06c5acda0752b"
  integrity sha512-CVjiWcMRdGU8ubs08YQVzhutOR5DEfO97ipRIlOGMK5Bek5nQySknBpuxVAVJ36hseTNs+vdIcv57ZrWxH7zvg==

path-is-absolute@^1.0.0:
  version "1.0.1"
  resolved "https://registry.yarnpkg.com/path-is-absolute/-/path-is-absolute-1.0.1.tgz#174b9268735534ffbc7ace6bf53a5a9e1b5c5f5f"
  integrity sha1-F0uSaHNVNP+8es5r9TpanhtcX18=

path-parse@^1.0.6:
  version "1.0.7"
  resolved "https://registry.yarnpkg.com/path-parse/-/path-parse-1.0.7.tgz#fbc114b60ca42b30d9daf5858e4bd68bbedb6735"
  integrity sha512-LDJzPVEEEPR+y48z93A0Ed0yXb8pAByGWo/k5YYdYgpY2/2EsOsksJrq7lOHxryrVOn1ejG6oAp8ahvOIQD8sw==

pdfast@^0.2.0:
  version "0.2.0"
  resolved "https://registry.yarnpkg.com/pdfast/-/pdfast-0.2.0.tgz#8cbc556e1bf2522177787c0de2e0d4373ba885c9"
  integrity sha1-jLxVbhvyUiF3eHwN4uDUNzuohck=

picomatch@^2.0.4, picomatch@^2.2.1:
  version "2.3.0"
  resolved "https://registry.yarnpkg.com/picomatch/-/picomatch-2.3.0.tgz#f1f061de8f6a4bf022892e2d128234fb98302972"
  integrity sha512-lY1Q/PiJGC2zOv/z391WOTD+Z02bCgsFfvxoXXf6h7kv9o+WmsmzYqrAwY63sNgOxE4xEdq0WyUnXfKeBrSvYw==

pify@^2.3.0:
  version "2.3.0"
  resolved "https://registry.yarnpkg.com/pify/-/pify-2.3.0.tgz#ed141a6ac043a849ea588498e7dca8b15330e90c"
  integrity sha1-7RQaasBDqEnqWISY59yosVMw6Qw=

postcss-import@^13.0.0:
  version "13.0.0"
  resolved "https://registry.yarnpkg.com/postcss-import/-/postcss-import-13.0.0.tgz#d6960cd9e3de5464743b04dd8cd9d870662f8b8c"
  integrity sha512-LPUbm3ytpYopwQQjqgUH4S3EM/Gb9QsaSPP/5vnoi+oKVy3/mIk2sc0Paqw7RL57GpScm9MdIMUypw2znWiBpg==
  dependencies:
    postcss-value-parser "^4.0.0"
    read-cache "^1.0.0"
    resolve "^1.1.7"

postcss-value-parser@^4.0.0:
  version "4.1.0"
  resolved "https://registry.yarnpkg.com/postcss-value-parser/-/postcss-value-parser-4.1.0.tgz#443f6a20ced6481a2bda4fa8532a6e55d789a2cb"
  integrity sha512-97DXOFbQJhk71ne5/Mt6cOu6yxsSfM0QGQyl0L25Gca4yGWEGJaig7l7gbCX623VqTBNGLRLaVUCnNkcedlRSQ==

postcss@^8.2.10, postcss@^8.3.4:
  version "8.3.5"
  resolved "https://registry.yarnpkg.com/postcss/-/postcss-8.3.5.tgz#982216b113412bc20a86289e91eb994952a5b709"
  integrity sha512-NxTuJocUhYGsMiMFHDUkmjSKT3EdH4/WbGF6GCi1NDGk+vbcUTun4fpbOqaPtD8IIsztA2ilZm2DhYCuyN58gA==
  dependencies:
    colorette "^1.2.2"
    nanoid "^3.1.23"
    source-map-js "^0.6.2"

preact@^10.0.5:
  version "10.5.13"
  resolved "https://registry.yarnpkg.com/preact/-/preact-10.5.13.tgz#85f6c9197ecd736ce8e3bec044d08fd1330fa019"
  integrity sha512-q/vlKIGNwzTLu+jCcvywgGrt+H/1P/oIRSD6mV4ln3hmlC+Aa34C7yfPI4+5bzW8pONyVXYS7SvXosy2dKKtWQ==

read-cache@^1.0.0:
  version "1.0.0"
  resolved "https://registry.yarnpkg.com/read-cache/-/read-cache-1.0.0.tgz#e664ef31161166c9751cdbe8dbcf86b5fb58f774"
  integrity sha1-5mTvMRYRZsl1HNvo28+GtftY93Q=
  dependencies:
    pify "^2.3.0"

readdirp@~3.6.0:
  version "3.6.0"
  resolved "https://registry.yarnpkg.com/readdirp/-/readdirp-3.6.0.tgz#74a370bd857116e245b29cc97340cd431a02a6c7"
  integrity sha512-hOS089on8RduqdbhvQ5Z37A0ESjsqz6qnRcffsMU3495FuTdqSm+7bhJ29JvIOsBDEEnan5DPu9t3To9VRlMzA==
  dependencies:
    picomatch "^2.2.1"

redux@^4.0.4:
  version "4.1.0"
  resolved "https://registry.yarnpkg.com/redux/-/redux-4.1.0.tgz#eb049679f2f523c379f1aff345c8612f294c88d4"
  integrity sha512-uI2dQN43zqLWCt6B/BMGRMY6db7TTY4qeHHfGeKb3EOhmOKjU3KdWvNLJyqaHRksv/ErdNH7cFZWg9jXtewy4g==
  dependencies:
    "@babel/runtime" "^7.9.2"

regenerator-runtime@^0.13.4:
  version "0.13.7"
  resolved "https://registry.yarnpkg.com/regenerator-runtime/-/regenerator-runtime-0.13.7.tgz#cac2dacc8a1ea675feaabaeb8ae833898ae46f55"
  integrity sha512-a54FxoJDIr27pgf7IgeQGxmqUNYrcV338lf/6gH456HZ/PhX+5BcwHXG9ajESmwe6WRO0tAzRUrRmNONWgkrew==

resolve@^1.1.7, resolve@^1.20.0:
  version "1.20.0"
  resolved "https://registry.yarnpkg.com/resolve/-/resolve-1.20.0.tgz#629a013fb3f70755d6f0b7935cc1c2c5378b1975"
  integrity sha512-wENBPt4ySzg4ybFQW2TT1zMQucPK95HSh/nq2CFTZVOGut2+pQvSsgtda4d26YrYcr067wjbmzOG8byDPBX63A==
  dependencies:
    is-core-module "^2.2.0"
    path-parse "^1.0.6"

rollup@^2.38.5:
  version "2.52.3"
  resolved "https://registry.yarnpkg.com/rollup/-/rollup-2.52.3.tgz#062fc3c85f67736d6758749310cfee64836c4e2a"
  integrity sha512-QF3Sju8Kl2z0osI4unyOLyUudyhOMK6G0AeqJWgfiyigqLAlnNrfBcDWDx+f1cqn+JU2iIYVkDrgQ6/KtwEfrg==
  optionalDependencies:
    fsevents "~2.3.2"

sass@^1.32.0:
  version "1.35.1"
  resolved "https://registry.yarnpkg.com/sass/-/sass-1.35.1.tgz#90ecf774dfe68f07b6193077e3b42fb154b9e1cd"
  integrity sha512-oCisuQJstxMcacOPmxLNiLlj4cUyN2+8xJnG7VanRoh2GOLr9RqkvI4AxA4a6LHVg/rsu+PmxXeGhrdSF9jCiQ==
  dependencies:
    chokidar ">=3.0.0 <4.0.0"

size-sensor@^1.0.1:
  version "1.0.1"
  resolved "https://registry.yarnpkg.com/size-sensor/-/size-sensor-1.0.1.tgz#f84e46206d3e259faff1d548e4b3beca93219dbb"
  integrity sha512-QTy7MnuugCFXIedXRpUSk9gUnyNiaxIdxGfUjr8xxXOqIB3QvBUYP9+b51oCg2C4dnhaeNk/h57TxjbvoJrJUA==

sortablejs@^1.10.2:
  version "1.13.0"
  resolved "https://registry.yarnpkg.com/sortablejs/-/sortablejs-1.13.0.tgz#3ab2473f8c69ca63569e80b1cd1b5669b51269e9"
  integrity sha512-RBJirPY0spWCrU5yCmWM1eFs/XgX2J5c6b275/YyxFRgnzPhKl/TDeU2hNR8Dt7ITq66NRPM4UlOt+e5O4CFHg==

source-map-js@^0.6.2:
  version "0.6.2"
  resolved "https://registry.yarnpkg.com/source-map-js/-/source-map-js-0.6.2.tgz#0bb5de631b41cfbda6cfba8bd05a80efdfd2385e"
  integrity sha512-/3GptzWzu0+0MBQFrDKzw/DvvMTUORvgY6k6jd/VS6iCR4RDTKWH6v6WPwQoUO8667uQEf9Oe38DxAYWY5F/Ug==

spark-md5@^3.0.0:
  version "3.0.1"
  resolved "https://registry.yarnpkg.com/spark-md5/-/spark-md5-3.0.1.tgz#83a0e255734f2ab4e5c466e5a2cfc9ba2aa2124d"
  integrity sha512-0tF3AGSD1ppQeuffsLDIOWlKUd3lS92tFxcsrh5Pe3ZphhnoK+oXIBTzOAThZCiuINZLvpiLH/1VS1/ANEJVig==

stickybits@^3.7.7:
  version "3.7.9"
  resolved "https://registry.yarnpkg.com/stickybits/-/stickybits-3.7.9.tgz#0e469ffb960e1e661bd308ba4da370dc439902bf"
  integrity sha512-wSEH/RO0TPIeI1rYI6p3Hv9FFSKr6+58Ru4xyYbEgd4PfE1r3TGgbYUWvW6SwnfoRY3DMDLxOuvUoW+8LWblQQ==

stimulus@^2.0.0:
  version "2.0.0"
  resolved "https://registry.yarnpkg.com/stimulus/-/stimulus-2.0.0.tgz#713c8b91a72ef90914b90955f0e705f004403047"
  integrity sha512-xipy7BS5TVpg4fX6S8LhrYZp7cmHGjmk09WSAiVx1gF5S5g43IWsuetfUhIk8HfHUG+4MQ9nY0FQz4dRFLs/8w==
  dependencies:
    "@stimulus/core" "^2.0.0"
    "@stimulus/webpack-helpers" "^2.0.0"

to-regex-range@^5.0.1:
  version "5.0.1"
  resolved "https://registry.yarnpkg.com/to-regex-range/-/to-regex-range-5.0.1.tgz#1648c44aae7c8d988a326018ed72f5b4dd0392e4"
  integrity sha512-65P7iz6X5yEr1cwcgvQxbbIw7Uk3gOy5dIdtZ4rDveLqhrdJP+Li/Hx6tyK0NEb+2GCyneCMJiGqrADCSNk8sQ==
  dependencies:
    is-number "^7.0.0"

tslib@^1.10.0:
  version "1.14.1"
  resolved "https://registry.yarnpkg.com/tslib/-/tslib-1.14.1.tgz#cf2d38bdc34a134bcaf1091c41f6619e2f672d00"
  integrity sha512-Xni35NKzjgMrwevysHTCArtLDpPvye8zV/0E4EyYn43P7/7qvQwPh9BGkHewbMulVntbigmcT7rdX3BNo9wRJg==

tslib@^2.0.0, tslib@^2.0.3, tslib@^2.1.0:
  version "2.3.0"
  resolved "https://registry.yarnpkg.com/tslib/-/tslib-2.3.0.tgz#803b8cdab3e12ba581a4ca41c8839bbb0dacb09e"
  integrity sha512-N82ooyxVNm6h1riLCoyS9e3fuJ3AMG2zIZs2Gd1ATcSFjSA23Q0fzjjZeh0jbJvWVDZ0cJT8yaNNaaXHzueNjg==

vite@^2.3.8:
  version "2.3.8"
  resolved "https://registry.yarnpkg.com/vite/-/vite-2.3.8.tgz#42e3e03953859fd410e4e6ab3d1cca0aab2adc3c"
  integrity sha512-QiEx+iqNnJntSgSF2fWRQvRey9pORIrtNJzNyBJXwc+BdzWs83FQolX84cTBo393cfhObrtWa6180dAa4NLDiQ==
  dependencies:
    esbuild "^0.12.8"
    postcss "^8.3.4"
    resolve "^1.20.0"
    rollup "^2.38.5"
  optionalDependencies:
    fsevents "~2.3.2"

"viter@https://gitee.com/qinmingyuan/viter.git":
  version "0.1.4"
  resolved "https://gitee.com/qinmingyuan/viter.git#432a8516c56845e4a08c73cf87ae58e3cb13b06a"
  dependencies:
    glob "^7.1.7"
    js-yaml "^4.1.0"
    path-complete-extname "^1.0.0"
    vite "^2.3.8"

weui.js@^1.2.1:
  version "1.2.2"
  resolved "https://registry.yarnpkg.com/weui.js/-/weui.js-1.2.2.tgz#bb8e37dce53b3132a2cc1a44d046f5e501df3530"
  integrity sha512-Ii2YL6PKv+nF8fS7NdDQXmkSoqTLem/y5AQReHpQjKSY44DjGMKJ/9yEEoQiNaTEuArfh2omKfXM8LoU2/WRMw==
  dependencies:
    balajs "^0.1.9"
    element-closest "^2.0.1"
    object-assign "^4.1.0"

weui@^2.4.4:
  version "2.4.4"
  resolved "https://registry.yarnpkg.com/weui/-/weui-2.4.4.tgz#b8204ea420844eccc52fc0de8e50617091ce702a"
  integrity sha512-rqxKAFaDBKkF6H1GzumDR/CLcGBxCzOZ1KUIXqOieZ316wbaxojgs/j1w9RrsjkCdH6zL1kLnr/elsDKB9pMdg==

wrappy@1:
  version "1.0.2"
  resolved "https://registry.yarnpkg.com/wrappy/-/wrappy-1.0.2.tgz#b5243d8f3ec1aa35f1364605bc0d1036e30ab69f"
  integrity sha1-tSQ9jz7BqjXxNkYFvA0QNuMKtp8=
